// !$*UTF8*$!
{
	archiveVersion = 1;
	classes = {
	};
	objectVersion = 50;
	objects = {

/* Begin PBXBuildFile section */
		C5816151252A0CB4007FF32F /* AppDelegate.swift in Sources */ = {isa = PBXBuildFile; fileRef = C5816150252A0CB4007FF32F /* AppDelegate.swift */; };
		C5816153252A0CB4007FF32F /* SceneDelegate.swift in Sources */ = {isa = PBXBuildFile; fileRef = C5816152252A0CB4007FF32F /* SceneDelegate.swift */; };
		C5816155252A0CB4007FF32F /* ContentView.swift in Sources */ = {isa = PBXBuildFile; fileRef = C5816154252A0CB4007FF32F /* ContentView.swift */; };
		C5816157252A0CB9007FF32F /* Assets.xcassets in Resources */ = {isa = PBXBuildFile; fileRef = C5816156252A0CB9007FF32F /* Assets.xcassets */; };
		C581615A252A0CB9007FF32F /* Preview Assets.xcassets in Resources */ = {isa = PBXBuildFile; fileRef = C5816159252A0CB9007FF32F /* Preview Assets.xcassets */; };
		C581615D252A0CB9007FF32F /* LaunchScreen.storyboard in Resources */ = {isa = PBXBuildFile; fileRef = C581615B252A0CB9007FF32F /* LaunchScreen.storyboard */; };
		C5816168252A0CB9007FF32F /* PhotoAppTests.swift in Sources */ = {isa = PBXBuildFile; fileRef = C5816167252A0CB9007FF32F /* PhotoAppTests.swift */; };
		C5816173252A0CB9007FF32F /* PhotoAppUITests.swift in Sources */ = {isa = PBXBuildFile; fileRef = C5816172252A0CB9007FF32F /* PhotoAppUITests.swift */; };
		C5816181252A18BC007FF32F /* DetailView.swift in Sources */ = {isa = PBXBuildFile; fileRef = C5816180252A18BC007FF32F /* DetailView.swift */; };
/* End PBXBuildFile section */

/* Begin PBXContainerItemProxy section */
		C5816164252A0CB9007FF32F /* PBXContainerItemProxy */ = {
			isa = PBXContainerItemProxy;
			containerPortal = C5816145252A0CB4007FF32F /* Project object */;
			proxyType = 1;
			remoteGlobalIDString = C581614C252A0CB4007FF32F;
			remoteInfo = PhotoApp;
		};
		C581616F252A0CB9007FF32F /* PBXContainerItemProxy */ = {
			isa = PBXContainerItemProxy;
			containerPortal = C5816145252A0CB4007FF32F /* Project object */;
			proxyType = 1;
			remoteGlobalIDString = C581614C252A0CB4007FF32F;
			remoteInfo = PhotoApp;
		};
/* End PBXContainerItemProxy section */

/* Begin PBXFileReference section */
		C581614D252A0CB4007FF32F /* PhotoApp.app */ = {isa = PBXFileReference; explicitFileType = wrapper.application; includeInIndex = 0; path = PhotoApp.app; sourceTree = BUILT_PRODUCTS_DIR; };
		C5816150252A0CB4007FF32F /* AppDelegate.swift */ = {isa = PBXFileReference; lastKnownFileType = sourcecode.swift; path = AppDelegate.swift; sourceTree = "<group>"; };
		C5816152252A0CB4007FF32F /* SceneDelegate.swift */ = {isa = PBXFileReference; lastKnownFileType = sourcecode.swift; path = SceneDelegate.swift; sourceTree = "<group>"; };
		C5816154252A0CB4007FF32F /* ContentView.swift */ = {isa = PBXFileReference; lastKnownFileType = sourcecode.swift; path = ContentView.swift; sourceTree = "<group>"; };
		C5816156252A0CB9007FF32F /* Assets.xcassets */ = {isa = PBXFileReference; lastKnownFileType = folder.assetcatalog; path = Assets.xcassets; sourceTree = "<group>"; };
		C5816159252A0CB9007FF32F /* Preview Assets.xcassets */ = {isa = PBXFileReference; lastKnownFileType = folder.assetcatalog; path = "Preview Assets.xcassets"; sourceTree = "<group>"; };
		C581615C252A0CB9007FF32F /* Base */ = {isa = PBXFileReference; lastKnownFileType = file.storyboard; name = Base; path = Base.lproj/LaunchScreen.storyboard; sourceTree = "<group>"; };
		C581615E252A0CB9007FF32F /* Info.plist */ = {isa = PBXFileReference; lastKnownFileType = text.plist.xml; path = Info.plist; sourceTree = "<group>"; };
		C5816163252A0CB9007FF32F /* PhotoAppTests.xctest */ = {isa = PBXFileReference; explicitFileType = wrapper.cfbundle; includeInIndex = 0; path = PhotoAppTests.xctest; sourceTree = BUILT_PRODUCTS_DIR; };
		C5816167252A0CB9007FF32F /* PhotoAppTests.swift */ = {isa = PBXFileReference; lastKnownFileType = sourcecode.swift; path = PhotoAppTests.swift; sourceTree = "<group>"; };
		C5816169252A0CB9007FF32F /* Info.plist */ = {isa = PBXFileReference; lastKnownFileType = text.plist.xml; path = Info.plist; sourceTree = "<group>"; };
		C581616E252A0CB9007FF32F /* PhotoAppUITests.xctest */ = {isa = PBXFileReference; explicitFileType = wrapper.cfbundle; includeInIndex = 0; path = PhotoAppUITests.xctest; sourceTree = BUILT_PRODUCTS_DIR; };
		C5816172252A0CB9007FF32F /* PhotoAppUITests.swift */ = {isa = PBXFileReference; lastKnownFileType = sourcecode.swift; path = PhotoAppUITests.swift; sourceTree = "<group>"; };
		C5816174252A0CB9007FF32F /* Info.plist */ = {isa = PBXFileReference; lastKnownFileType = text.plist.xml; path = Info.plist; sourceTree = "<group>"; };
		C5816180252A18BC007FF32F /* DetailView.swift */ = {isa = PBXFileReference; lastKnownFileType = sourcecode.swift; path = DetailView.swift; sourceTree = "<group>"; };
/* End PBXFileReference section */

/* Begin PBXFrameworksBuildPhase section */
		C581614A252A0CB4007FF32F /* Frameworks */ = {
			isa = PBXFrameworksBuildPhase;
			buildActionMask = 2147483647;
			files = (
			);
			runOnlyForDeploymentPostprocessing = 0;
		};
		C5816160252A0CB9007FF32F /* Frameworks */ = {
			isa = PBXFrameworksBuildPhase;
			buildActionMask = 2147483647;
			files = (
			);
			runOnlyForDeploymentPostprocessing = 0;
		};
		C581616B252A0CB9007FF32F /* Frameworks */ = {
			isa = PBXFrameworksBuildPhase;
			buildActionMask = 2147483647;
			files = (
			);
			runOnlyForDeploymentPostprocessing = 0;
		};
/* End PBXFrameworksBuildPhase section */

/* Begin PBXGroup section */
		C5816144252A0CB4007FF32F = {
			isa = PBXGroup;
			children = (
				C581614F252A0CB4007FF32F /* PhotoApp */,
				C5816166252A0CB9007FF32F /* PhotoAppTests */,
				C5816171252A0CB9007FF32F /* PhotoAppUITests */,
				C581614E252A0CB4007FF32F /* Products */,
			);
			sourceTree = "<group>";
		};
		C581614E252A0CB4007FF32F /* Products */ = {
			isa = PBXGroup;
			children = (
				C581614D252A0CB4007FF32F /* PhotoApp.app */,
				C5816163252A0CB9007FF32F /* PhotoAppTests.xctest */,
				C581616E252A0CB9007FF32F /* PhotoAppUITests.xctest */,
			);
			name = Products;
			sourceTree = "<group>";
		};
		C581614F252A0CB4007FF32F /* PhotoApp */ = {
			isa = PBXGroup;
			children = (
				C5816150252A0CB4007FF32F /* AppDelegate.swift */,
				C5816152252A0CB4007FF32F /* SceneDelegate.swift */,
				C5816154252A0CB4007FF32F /* ContentView.swift */,
				C5816180252A18BC007FF32F /* DetailView.swift */,
				C5816156252A0CB9007FF32F /* Assets.xcassets */,
				C581615B252A0CB9007FF32F /* LaunchScreen.storyboard */,
				C581615E252A0CB9007FF32F /* Info.plist */,
				C5816158252A0CB9007FF32F /* Preview Content */,
			);
			path = PhotoApp;
			sourceTree = "<group>";
		};
		C5816158252A0CB9007FF32F /* Preview Content */ = {
			isa = PBXGroup;
			children = (
				C5816159252A0CB9007FF32F /* Preview Assets.xcassets */,
			);
			path = "Preview Content";
			sourceTree = "<group>";
		};
		C5816166252A0CB9007FF32F /* PhotoAppTests */ = {
			isa = PBXGroup;
			children = (
				C5816167252A0CB9007FF32F /* PhotoAppTests.swift */,
				C5816169252A0CB9007FF32F /* Info.plist */,
			);
			path = PhotoAppTests;
			sourceTree = "<group>";
		};
		C5816171252A0CB9007FF32F /* PhotoAppUITests */ = {
			isa = PBXGroup;
			children = (
				C5816172252A0CB9007FF32F /* PhotoAppUITests.swift */,
				C5816174252A0CB9007FF32F /* Info.plist */,
			);
			path = PhotoAppUITests;
			sourceTree = "<group>";
		};
/* End PBXGroup section */

/* Begin PBXNativeTarget section */
		C581614C252A0CB4007FF32F /* PhotoApp */ = {
			isa = PBXNativeTarget;
			buildConfigurationList = C5816177252A0CB9007FF32F /* Build configuration list for PBXNativeTarget "PhotoApp" */;
			buildPhases = (
				C5816149252A0CB4007FF32F /* Sources */,
				C581614A252A0CB4007FF32F /* Frameworks */,
				C581614B252A0CB4007FF32F /* Resources */,
			);
			buildRules = (
			);
			dependencies = (
			);
			name = PhotoApp;
			productName = PhotoApp;
			productReference = C581614D252A0CB4007FF32F /* PhotoApp.app */;
			productType = "com.apple.product-type.application";
		};
		C5816162252A0CB9007FF32F /* PhotoAppTests */ = {
			isa = PBXNativeTarget;
			buildConfigurationList = C581617A252A0CB9007FF32F /* Build configuration list for PBXNativeTarget "PhotoAppTests" */;
			buildPhases = (
				C581615F252A0CB9007FF32F /* Sources */,
				C5816160252A0CB9007FF32F /* Frameworks */,
				C5816161252A0CB9007FF32F /* Resources */,
			);
			buildRules = (
			);
			dependencies = (
				C5816165252A0CB9007FF32F /* PBXTargetDependency */,
			);
			name = PhotoAppTests;
			productName = PhotoAppTests;
			productReference = C5816163252A0CB9007FF32F /* PhotoAppTests.xctest */;
			productType = "com.apple.product-type.bundle.unit-test";
		};
		C581616D252A0CB9007FF32F /* PhotoAppUITests */ = {
			isa = PBXNativeTarget;
			buildConfigurationList = C581617D252A0CB9007FF32F /* Build configuration list for PBXNativeTarget "PhotoAppUITests" */;
			buildPhases = (
				C581616A252A0CB9007FF32F /* Sources */,
				C581616B252A0CB9007FF32F /* Frameworks */,
				C581616C252A0CB9007FF32F /* Resources */,
			);
			buildRules = (
			);
			dependencies = (
				C5816170252A0CB9007FF32F /* PBXTargetDependency */,
			);
			name = PhotoAppUITests;
			productName = PhotoAppUITests;
			productReference = C581616E252A0CB9007FF32F /* PhotoAppUITests.xctest */;
			productType = "com.apple.product-type.bundle.ui-testing";
		};
/* End PBXNativeTarget section */

/* Begin PBXProject section */
		C5816145252A0CB4007FF32F /* Project object */ = {
			isa = PBXProject;
			attributes = {
				LastSwiftUpdateCheck = 1160;
				LastUpgradeCheck = 1160;
				ORGANIZATIONNAME = "Nadia Hansen";
				TargetAttributes = {
					C581614C252A0CB4007FF32F = {
						CreatedOnToolsVersion = 11.6;
					};
					C5816162252A0CB9007FF32F = {
						CreatedOnToolsVersion = 11.6;
						TestTargetID = C581614C252A0CB4007FF32F;
					};
					C581616D252A0CB9007FF32F = {
						CreatedOnToolsVersion = 11.6;
						TestTargetID = C581614C252A0CB4007FF32F;
					};
				};
			};
			buildConfigurationList = C5816148252A0CB4007FF32F /* Build configuration list for PBXProject "PhotoApp" */;
			compatibilityVersion = "Xcode 9.3";
			developmentRegion = en;
			hasScannedForEncodings = 0;
			knownRegions = (
				en,
				Base,
			);
			mainGroup = C5816144252A0CB4007FF32F;
			productRefGroup = C581614E252A0CB4007FF32F /* Products */;
			projectDirPath = "";
			projectRoot = "";
			targets = (
				C581614C252A0CB4007FF32F /* PhotoApp */,
				C5816162252A0CB9007FF32F /* PhotoAppTests */,
				C581616D252A0CB9007FF32F /* PhotoAppUITests */,
			);
		};
/* End PBXProject section */

/* Begin PBXResourcesBuildPhase section */
		C581614B252A0CB4007FF32F /* Resources */ = {
			isa = PBXResourcesBuildPhase;
			buildActionMask = 2147483647;
			files = (
				C581615D252A0CB9007FF32F /* LaunchScreen.storyboard in Resources */,
				C581615A252A0CB9007FF32F /* Preview Assets.xcassets in Resources */,
				C5816157252A0CB9007FF32F /* Assets.xcassets in Resources */,
			);
			runOnlyForDeploymentPostprocessing = 0;
		};
		C5816161252A0CB9007FF32F /* Resources */ = {
			isa = PBXResourcesBuildPhase;
			buildActionMask = 2147483647;
			files = (
			);
			runOnlyForDeploymentPostprocessing = 0;
		};
		C581616C252A0CB9007FF32F /* Resources */ = {
			isa = PBXResourcesBuildPhase;
			buildActionMask = 2147483647;
			files = (
			);
			runOnlyForDeploymentPostprocessing = 0;
		};
/* End PBXResourcesBuildPhase section */

/* Begin PBXSourcesBuildPhase section */
		C5816149252A0CB4007FF32F /* Sources */ = {
			isa = PBXSourcesBuildPhase;
			buildActionMask = 2147483647;
			files = (
				C5816151252A0CB4007FF32F /* AppDelegate.swift in Sources */,
				C5816181252A18BC007FF32F /* DetailView.swift in Sources */,
				C5816153252A0CB4007FF32F /* SceneDelegate.swift in Sources */,
				C5816155252A0CB4007FF32F /* ContentView.swift in Sources */,
			);
			runOnlyForDeploymentPostprocessing = 0;
		};
		C581615F252A0CB9007FF32F /* Sources */ = {
			isa = PBXSourcesBuildPhase;
			buildActionMask = 2147483647;
			files = (
				C5816168252A0CB9007FF32F /* PhotoAppTests.swift in Sources */,
			);
			runOnlyForDeploymentPostprocessing = 0;
		};
		C581616A252A0CB9007FF32F /* Sources */ = {
			isa = PBXSourcesBuildPhase;
			buildActionMask = 2147483647;
			files = (
				C5816173252A0CB9007FF32F /* PhotoAppUITests.swift in Sources */,
			);
			runOnlyForDeploymentPostprocessing = 0;
		};
/* End PBXSourcesBuildPhase section */

/* Begin PBXTargetDependency section */
		C5816165252A0CB9007FF32F /* PBXTargetDependency */ = {
			isa = PBXTargetDependency;
			target = C581614C252A0CB4007FF32F /* PhotoApp */;
			targetProxy = C5816164252A0CB9007FF32F /* PBXContainerItemProxy */;
		};
		C5816170252A0CB9007FF32F /* PBXTargetDependency */ = {
			isa = PBXTargetDependency;
			target = C581614C252A0CB4007FF32F /* PhotoApp */;
			targetProxy = C581616F252A0CB9007FF32F /* PBXContainerItemProxy */;
		};
/* End PBXTargetDependency section */

/* Begin PBXVariantGroup section */
		C581615B252A0CB9007FF32F /* LaunchScreen.storyboard */ = {
			isa = PBXVariantGroup;
			children = (
				C581615C252A0CB9007FF32F /* Base */,
			);
			name = LaunchScreen.storyboard;
			sourceTree = "<group>";
		};
/* End PBXVariantGroup section */

/* Begin XCBuildConfiguration section */
		C5816175252A0CB9007FF32F /* Debug */ = {
			isa = XCBuildConfiguration;
			buildSettings = {
				ALWAYS_SEARCH_USER_PATHS = NO;
				CLANG_ANALYZER_NONNULL = YES;
				CLANG_ANALYZER_NUMBER_OBJECT_CONVERSION = YES_AGGRESSIVE;
				CLANG_CXX_LANGUAGE_STANDARD = "gnu++14";
				CLANG_CXX_LIBRARY = "libc++";
				CLANG_ENABLE_MODULES = YES;
				CLANG_ENABLE_OBJC_ARC = YES;
				CLANG_ENABLE_OBJC_WEAK = YES;
				CLANG_WARN_BLOCK_CAPTURE_AUTORELEASING = YES;
				CLANG_WARN_BOOL_CONVERSION = YES;
				CLANG_WARN_COMMA = YES;
				CLANG_WARN_CONSTANT_CONVERSION = YES;
				CLANG_WARN_DEPRECATED_OBJC_IMPLEMENTATIONS = YES;
				CLANG_WARN_DIRECT_OBJC_ISA_USAGE = YES_ERROR;
				CLANG_WARN_DOCUMENTATION_COMMENTS = YES;
				CLANG_WARN_EMPTY_BODY = YES;
				CLANG_WARN_ENUM_CONVERSION = YES;
				CLANG_WARN_INFINITE_RECURSION = YES;
				CLANG_WARN_INT_CONVERSION = YES;
				CLANG_WARN_NON_LITERAL_NULL_CONVERSION = YES;
				CLANG_WARN_OBJC_IMPLICIT_RETAIN_SELF = YES;
				CLANG_WARN_OBJC_LITERAL_CONVERSION = YES;
				CLANG_WARN_OBJC_ROOT_CLASS = YES_ERROR;
				CLANG_WARN_RANGE_LOOP_ANALYSIS = YES;
				CLANG_WARN_STRICT_PROTOTYPES = YES;
				CLANG_WARN_SUSPICIOUS_MOVE = YES;
				CLANG_WARN_UNGUARDED_AVAILABILITY = YES_AGGRESSIVE;
				CLANG_WARN_UNREACHABLE_CODE = YES;
				CLANG_WARN__DUPLICATE_METHOD_MATCH = YES;
				COPY_PHASE_STRIP = NO;
				DEBUG_INFORMATION_FORMAT = dwarf;
				ENABLE_STRICT_OBJC_MSGSEND = YES;
				ENABLE_TESTABILITY = YES;
				GCC_C_LANGUAGE_STANDARD = gnu11;
				GCC_DYNAMIC_NO_PIC = NO;
				GCC_NO_COMMON_BLOCKS = YES;
				GCC_OPTIMIZATION_LEVEL = 0;
				GCC_PREPROCESSOR_DEFINITIONS = (
					"DEBUG=1",
					"$(inherited)",
				);
				GCC_WARN_64_TO_32_BIT_CONVERSION = YES;
				GCC_WARN_ABOUT_RETURN_TYPE = YES_ERROR;
				GCC_WARN_UNDECLARED_SELECTOR = YES;
				GCC_WARN_UNINITIALIZED_AUTOS = YES_AGGRESSIVE;
				GCC_WARN_UNUSED_FUNCTION = YES;
				GCC_WARN_UNUSED_VARIABLE = YES;
				IPHONEOS_DEPLOYMENT_TARGET = 13.6;
				MTL_ENABLE_DEBUG_INFO = INCLUDE_SOURCE;
				MTL_FAST_MATH = YES;
				ONLY_ACTIVE_ARCH = YES;
				SDKROOT = iphoneos;
				SWIFT_ACTIVE_COMPILATION_CONDITIONS = DEBUG;
				SWIFT_OPTIMIZATION_LEVEL = "-Onone";
			};
			name = Debug;
		};
		C5816176252A0CB9007FF32F /* Release */ = {
			isa = XCBuildConfiguration;
			buildSettings = {
				ALWAYS_SEARCH_USER_PATHS = NO;
				CLANG_ANALYZER_NONNULL = YES;
				CLANG_ANALYZER_NUMBER_OBJECT_CONVERSION = YES_AGGRESSIVE;
				CLANG_CXX_LANGUAGE_STANDARD = "gnu++14";
				CLANG_CXX_LIBRARY = "libc++";
				CLANG_ENABLE_MODULES = YES;
				CLANG_ENABLE_OBJC_ARC = YES;
				CLANG_ENABLE_OBJC_WEAK = YES;
				CLANG_WARN_BLOCK_CAPTURE_AUTORELEASING = YES;
				CLANG_WARN_BOOL_CONVERSION = YES;
				CLANG_WARN_COMMA = YES;
				CLANG_WARN_CONSTANT_CONVERSION = YES;
				CLANG_WARN_DEPRECATED_OBJC_IMPLEMENTATIONS = YES;
				CLANG_WARN_DIRECT_OBJC_ISA_USAGE = YES_ERROR;
				CLANG_WARN_DOCUMENTATION_COMMENTS = YES;
				CLANG_WARN_EMPTY_BODY = YES;
				CLANG_WARN_ENUM_CONVERSION = YES;
				CLANG_WARN_INFINITE_RECURSION = YES;
				CLANG_WARN_INT_CONVERSION = YES;
				CLANG_WARN_NON_LITERAL_NULL_CONVERSION = YES;
				CLANG_WARN_OBJC_IMPLICIT_RETAIN_SELF = YES;
				CLANG_WARN_OBJC_LITERAL_CONVERSION = YES;
				CLANG_WARN_OBJC_ROOT_CLASS = YES_ERROR;
				CLANG_WARN_RANGE_LOOP_ANALYSIS = YES;
				CLANG_WARN_STRICT_PROTOTYPES = YES;
				CLANG_WARN_SUSPICIOUS_MOVE = YES;
				CLANG_WARN_UNGUARDED_AVAILABILITY = YES_AGGRESSIVE;
				CLANG_WARN_UNREACHABLE_CODE = YES;
				CLANG_WARN__DUPLICATE_METHOD_MATCH = YES;
				COPY_PHASE_STRIP = NO;
				DEBUG_INFORMATION_FORMAT = "dwarf-with-dsym";
				ENABLE_NS_ASSERTIONS = NO;
				ENABLE_STRICT_OBJC_MSGSEND = YES;
				GCC_C_LANGUAGE_STANDARD = gnu11;
				GCC_NO_COMMON_BLOCKS = YES;
				GCC_WARN_64_TO_32_BIT_CONVERSION = YES;
				GCC_WARN_ABOUT_RETURN_TYPE = YES_ERROR;
				GCC_WARN_UNDECLARED_SELECTOR = YES;
				GCC_WARN_UNINITIALIZED_AUTOS = YES_AGGRESSIVE;
				GCC_WARN_UNUSED_FUNCTION = YES;
				GCC_WARN_UNUSED_VARIABLE = YES;
				IPHONEOS_DEPLOYMENT_TARGET = 13.6;
				MTL_ENABLE_DEBUG_INFO = NO;
				MTL_FAST_MATH = YES;
				SDKROOT = iphoneos;
				SWIFT_COMPILATION_MODE = wholemodule;
				SWIFT_OPTIMIZATION_LEVEL = "-O";
				VALIDATE_PRODUCT = YES;
			};
			name = Release;
		};
		C5816178252A0CB9007FF32F /* Debug */ = {
			isa = XCBuildConfiguration;
			buildSettings = {
				ASSETCATALOG_COMPILER_APPICON_NAME = AppIcon;
				CODE_SIGN_STYLE = Automatic;
				DEVELOPMENT_ASSET_PATHS = "\"PhotoApp/Preview Content\"";
				ENABLE_PREVIEWS = YES;
				INFOPLIST_FILE = PhotoApp/Info.plist;
				LD_RUNPATH_SEARCH_PATHS = (
					"$(inherited)",
					"@executable_path/Frameworks",
				);
				PRODUCT_BUNDLE_IDENTIFIER = NH.PhotoApp;
				PRODUCT_NAME = "$(TARGET_NAME)";
				SWIFT_VERSION = 5.0;
				TARGETED_DEVICE_FAMILY = "1,2";
			};
			name = Debug;
		};
		C5816179252A0CB9007FF32F /* Release */ = {
			isa = XCBuildConfiguration;
			buildSettings = {
				ASSETCATALOG_COMPILER_APPICON_NAME = AppIcon;
				CODE_SIGN_STYLE = Automatic;
				DEVELOPMENT_ASSET_PATHS = "\"PhotoApp/Preview Content\"";
				ENABLE_PREVIEWS = YES;
				INFOPLIST_FILE = PhotoApp/Info.plist;
				LD_RUNPATH_SEARCH_PATHS = (
					"$(inherited)",
					"@executable_path/Frameworks",
				);
				PRODUCT_BUNDLE_IDENTIFIER = NH.PhotoApp;
				PRODUCT_NAME = "$(TARGET_NAME)";
				SWIFT_VERSION = 5.0;
				TARGETED_DEVICE_FAMILY = "1,2";
			};
			name = Release;
		};
		C581617B252A0CB9007FF32F /* Debug */ = {
			isa = XCBuildConfiguration;
			buildSettings = {
				ALWAYS_EMBED_SWIFT_STANDARD_LIBRARIES = YES;
				BUNDLE_LOADER = "$(TEST_HOST)";
				CODE_SIGN_STYLE = Automatic;
				INFOPLIST_FILE = PhotoAppTests/Info.plist;
				IPHONEOS_DEPLOYMENT_TARGET = 13.6;
				LD_RUNPATH_SEARCH_PATHS = (
					"$(inherited)",
					"@executable_path/Frameworks",
					"@loader_path/Frameworks",
				);
				PRODUCT_BUNDLE_IDENTIFIER = NH.PhotoAppTests;
				PRODUCT_NAME = "$(TARGET_NAME)";
				SWIFT_VERSION = 5.0;
				TARGETED_DEVICE_FAMILY = "1,2";
				TEST_HOST = "$(BUILT_PRODUCTS_DIR)/PhotoApp.app/PhotoApp";
			};
			name = Debug;
		};
		C581617C252A0CB9007FF32F /* Release */ = {
			isa = XCBuildConfiguration;
			buildSettings = {
				ALWAYS_EMBED_SWIFT_STANDARD_LIBRARIES = YES;
				BUNDLE_LOADER = "$(TEST_HOST)";
				CODE_SIGN_STYLE = Automatic;
				INFOPLIST_FILE = PhotoAppTests/Info.plist;
				IPHONEOS_DEPLOYMENT_TARGET = 13.6;
				LD_RUNPATH_SEARCH_PATHS = (
					"$(inherited)",
					"@executable_path/Frameworks",
					"@loader_path/Frameworks",
				);
				PRODUCT_BUNDLE_IDENTIFIER = NH.PhotoAppTests;
				PRODUCT_NAME = "$(TARGET_NAME)";
				SWIFT_VERSION = 5.0;
				TARGETED_DEVICE_FAMILY = "1,2";
				TEST_HOST = "$(BUILT_PRODUCTS_DIR)/PhotoApp.app/PhotoApp";
			};
			name = Release;
		};
		C581617E252A0CB9007FF32F /* Debug */ = {
			isa = XCBuildConfiguration;
			buildSettings = {
				ALWAYS_EMBED_SWIFT_STANDARD_LIBRARIES = YES;
				CODE_SIGN_STYLE = Automatic;
				INFOPLIST_FILE = PhotoAppUITests/Info.plist;
				LD_RUNPATH_SEARCH_PATHS = (
					"$(inherited)",
					"@executable_path/Frameworks",
					"@loader_path/Frameworks",
				);
				PRODUCT_BUNDLE_IDENTIFIER = NH.PhotoAppUITests;
				PRODUCT_NAME = "$(TARGET_NAME)";
				SWIFT_VERSION = 5.0;
				TARGETED_DEVICE_FAMILY = "1,2";
				TEST_TARGET_NAME = PhotoApp;
			};
			name = Debug;
		};
		C581617F252A0CB9007FF32F /* Release */ = {
			isa = XCBuildConfiguration;
			buildSettings = {
				ALWAYS_EMBED_SWIFT_STANDARD_LIBRARIES = YES;
				CODE_SIGN_STYLE = Automatic;
				INFOPLIST_FILE = PhotoAppUITests/Info.plist;
				LD_RUNPATH_SEARCH_PATHS = (
					"$(inherited)",
					"@executable_path/Frameworks",
					"@loader_path/Frameworks",
				);
				PRODUCT_BUNDLE_IDENTIFIER = NH.PhotoAppUITests;
				PRODUCT_NAME = "$(TARGET_NAME)";
				SWIFT_VERSION = 5.0;
				TARGETED_DEVICE_FAMILY = "1,2";
				TEST_TARGET_NAME = PhotoApp;
			};
			name = Release;
		};
/* End XCBuildConfiguration section */

/* Begin XCConfigurationList section */
		C5816148252A0CB4007FF32F /* Build configuration list for PBXProject "PhotoApp" */ = {
			isa = XCConfigurationList;
			buildConfigurations = (
				C5816175252A0CB9007FF32F /* Debug */,
				C5816176252A0CB9007FF32F /* Release */,
			);
			defaultConfigurationIsVisible = 0;
			defaultConfigurationName = Release;
		};
		C5816177252A0CB9007FF32F /* Build configuration list for PBXNativeTarget "PhotoApp" */ = {
			isa = XCConfigurationList;
			buildConfigurations = (
				C5816178252A0CB9007FF32F /* Debug */,
				C5816179252A0CB9007FF32F /* Release */,
			);
			defaultConfigurationIsVisible = 0;
			defaultConfigurationName = Release;
		};
		C581617A252A0CB9007FF32F /* Build configuration list for PBXNativeTarget "PhotoAppTests" */ = {
			isa = XCConfigurationList;
			buildConfigurations = (
				C581617B252A0CB9007FF32F /* Debug */,
				C581617C252A0CB9007FF32F /* Release */,
			);
			defaultConfigurationIsVisible = 0;
			defaultConfigurationName = Release;
		};
		C581617D252A0CB9007FF32F /* Build configuration list for PBXNativeTarget "PhotoAppUITests" */ = {
			isa = XCConfigurationList;
			buildConfigurations = (
				C581617E252A0CB9007FF32F /* Debug */,
				C581617F252A0CB9007FF32F /* Release */,
			);
			defaultConfigurationIsVisible = 0;
			defaultConfigurationName = Release;
		};
/* End XCConfigurationList section */
	};
	rootObject = C5816145252A0CB4007FF32F /* Project object */;
}
